
Microsoft Visual Studio Solution File, Format Version 12.00
# Visual Studio 15
VisualStudioVersion = 15.0.28307.438
MinimumVisualStudioVersion = 10.0.40219.1
Project("{888888A0-9F3D-457C-B088-3A5042F75D52}") = "Array", "Array\Array.pyproj", "{97A76F67-074C-44C7-A7B5-5617D0F10970}"
EndProject
Global
	GlobalSection(SolutionConfigurationPlatforms) = preSolution
		Debug|Any CPU = Debug|Any CPU
		Release|Any CPU = Release|Any CPU
	EndGlobalSection
	GlobalSection(ProjectConfigurationPlatforms) = postSolution
		{97A76F67-074C-44C7-A7B5-5617D0F10970}.Debug|Any CPU.ActiveCfg = Debug|Any CPU
		{97A76F67-074C-44C7-A7B5-5617D0F10970}.Release|Any CPU.ActiveCfg = Release|Any CPU
	EndGlobalSection
	GlobalSection(SolutionProperties) = preSolution
		HideSolutionNode = FALSE
	EndGlobalSection
	GlobalSection(ExtensibilityGlobals) = postSolution
		SolutionGuid = {7BC214D7-ABA7-44A1-B32D-93FCE3977070}
	EndGlobalSection
EndGlobal
